// !$*UTF8*$!
{
	archiveVersion = 1;
	classes = {
	};
	objectVersion = 55;
	objects = {

/* Begin PBXBuildFile section */
		ED0946AF28F319E000EC07CD /* FirebaseAnalytics in Frameworks */ = {isa = PBXBuildFile; productRef = ED0946AE28F319E000EC07CD /* FirebaseAnalytics */; };
		ED0946B128F319E000EC07CD /* FirebaseAuth in Frameworks */ = {isa = PBXBuildFile; productRef = ED0946B028F319E000EC07CD /* FirebaseAuth */; };
		ED0946B328F319E000EC07CD /* FirebaseFirestore in Frameworks */ = {isa = PBXBuildFile; productRef = ED0946B228F319E000EC07CD /* FirebaseFirestore */; };
		ED0946B528F319E000EC07CD /* FirebaseStorage in Frameworks */ = {isa = PBXBuildFile; productRef = ED0946B428F319E000EC07CD /* FirebaseStorage */; };
		ED0946B728F35A4000EC07CD /* SettingsViewController.swift in Sources */ = {isa = PBXBuildFile; fileRef = ED0946B628F35A4000EC07CD /* SettingsViewController.swift */; };
		ED0946B928F35A4D00EC07CD /* MainScreenViewController.swift in Sources */ = {isa = PBXBuildFile; fileRef = ED0946B828F35A4D00EC07CD /* MainScreenViewController.swift */; };
		ED0946BB28F35A5B00EC07CD /* UploadViewController.swift in Sources */ = {isa = PBXBuildFile; fileRef = ED0946BA28F35A5B00EC07CD /* UploadViewController.swift */; };
		ED49017828F3026C000F04F7 /* AppDelegate.swift in Sources */ = {isa = PBXBuildFile; fileRef = ED49017728F3026C000F04F7 /* AppDelegate.swift */; };
		ED49017A28F3026C000F04F7 /* SceneDelegate.swift in Sources */ = {isa = PBXBuildFile; fileRef = ED49017928F3026C000F04F7 /* SceneDelegate.swift */; };
		ED49017C28F3026C000F04F7 /* ViewController.swift in Sources */ = {isa = PBXBuildFile; fileRef = ED49017B28F3026C000F04F7 /* ViewController.swift */; };
		ED49017F28F3026C000F04F7 /* Main.storyboard in Resources */ = {isa = PBXBuildFile; fileRef = ED49017D28F3026C000F04F7 /* Main.storyboard */; };
		ED49018128F3026D000F04F7 /* Assets.xcassets in Resources */ = {isa = PBXBuildFile; fileRef = ED49018028F3026D000F04F7 /* Assets.xcassets */; };
		ED49018428F3026D000F04F7 /* LaunchScreen.storyboard in Resources */ = {isa = PBXBuildFile; fileRef = ED49018228F3026D000F04F7 /* LaunchScreen.storyboard */; };
		ED49018C28F304CB000F04F7 /* GoogleService-Info.plist in Resources */ = {isa = PBXBuildFile; fileRef = ED49018B28F304CB000F04F7 /* GoogleService-Info.plist */; };
		ED74949528F58677004F08C7 /* SDWebImageLinkPlugin in Frameworks */ = {isa = PBXBuildFile; productRef = ED74949428F58677004F08C7 /* SDWebImageLinkPlugin */; };
		EDB9719128F450F400ED6D3F /* DashboardCell.swift in Sources */ = {isa = PBXBuildFile; fileRef = EDB9719028F450F400ED6D3F /* DashboardCell.swift */; };
		EDB9719428F46D9C00ED6D3F /* SDWebImageLinkPlugin in Frameworks */ = {isa = PBXBuildFile; productRef = EDB9719328F46D9C00ED6D3F /* SDWebImageLinkPlugin */; };
		EDB9719728F46FCA00ED6D3F /* SDWebImageSwiftUI in Frameworks */ = {isa = PBXBuildFile; productRef = EDB9719628F46FCA00ED6D3F /* SDWebImageSwiftUI */; };
		EDB9719A28F4755400ED6D3F /* SDWebImageLinkPlugin in Frameworks */ = {isa = PBXBuildFile; productRef = EDB9719928F4755400ED6D3F /* SDWebImageLinkPlugin */; };
		EDB9719D28F47AF500ED6D3F /* AlamofireImage in Frameworks */ = {isa = PBXBuildFile; productRef = EDB9719C28F47AF500ED6D3F /* AlamofireImage */; };
/* End PBXBuildFile section */

/* Begin PBXFileReference section */
		ED0946B628F35A4000EC07CD /* SettingsViewController.swift */ = {isa = PBXFileReference; lastKnownFileType = sourcecode.swift; path = SettingsViewController.swift; sourceTree = "<group>"; };
		ED0946B828F35A4D00EC07CD /* MainScreenViewController.swift */ = {isa = PBXFileReference; lastKnownFileType = sourcecode.swift; path = MainScreenViewController.swift; sourceTree = "<group>"; };
		ED0946BA28F35A5B00EC07CD /* UploadViewController.swift */ = {isa = PBXFileReference; lastKnownFileType = sourcecode.swift; path = UploadViewController.swift; sourceTree = "<group>"; };
		ED49017428F3026C000F04F7 /* Instagram Clone Firebase.app */ = {isa = PBXFileReference; explicitFileType = wrapper.application; includeInIndex = 0; path = "Instagram Clone Firebase.app"; sourceTree = BUILT_PRODUCTS_DIR; };
		ED49017728F3026C000F04F7 /* AppDelegate.swift */ = {isa = PBXFileReference; lastKnownFileType = sourcecode.swift; path = AppDelegate.swift; sourceTree = "<group>"; };
		ED49017928F3026C000F04F7 /* SceneDelegate.swift */ = {isa = PBXFileReference; lastKnownFileType = sourcecode.swift; path = SceneDelegate.swift; sourceTree = "<group>"; };
		ED49017B28F3026C000F04F7 /* ViewController.swift */ = {isa = PBXFileReference; lastKnownFileType = sourcecode.swift; path = ViewController.swift; sourceTree = "<group>"; };
		ED49017E28F3026C000F04F7 /* Base */ = {isa = PBXFileReference; lastKnownFileType = file.storyboard; name = Base; path = Base.lproj/Main.storyboard; sourceTree = "<group>"; };
		ED49018028F3026D000F04F7 /* Assets.xcassets */ = {isa = PBXFileReference; lastKnownFileType = folder.assetcatalog; path = Assets.xcassets; sourceTree = "<group>"; };
		ED49018328F3026D000F04F7 /* Base */ = {isa = PBXFileReference; lastKnownFileType = file.storyboard; name = Base; path = Base.lproj/LaunchScreen.storyboard; sourceTree = "<group>"; };
		ED49018528F3026D000F04F7 /* Info.plist */ = {isa = PBXFileReference; lastKnownFileType = text.plist.xml; path = Info.plist; sourceTree = "<group>"; };
		ED49018B28F304CB000F04F7 /* GoogleService-Info.plist */ = {isa = PBXFileReference; fileEncoding = 4; lastKnownFileType = text.plist.xml; path = "GoogleService-Info.plist"; sourceTree = "<group>"; };
		EDB9719028F450F400ED6D3F /* DashboardCell.swift */ = {isa = PBXFileReference; lastKnownFileType = sourcecode.swift; path = DashboardCell.swift; sourceTree = "<group>"; };
/* End PBXFileReference section */

/* Begin PBXFrameworksBuildPhase section */
		ED49017128F3026C000F04F7 /* Frameworks */ = {
			isa = PBXFrameworksBuildPhase;
			buildActionMask = 2147483647;
			files = (
				ED74949528F58677004F08C7 /* SDWebImageLinkPlugin in Frameworks */,
				EDB9719728F46FCA00ED6D3F /* SDWebImageSwiftUI in Frameworks */,
				EDB9719D28F47AF500ED6D3F /* AlamofireImage in Frameworks */,
				EDB9719A28F4755400ED6D3F /* SDWebImageLinkPlugin in Frameworks */,
				EDB9719428F46D9C00ED6D3F /* SDWebImageLinkPlugin in Frameworks */,
				ED0946AF28F319E000EC07CD /* FirebaseAnalytics in Frameworks */,
				ED0946B528F319E000EC07CD /* FirebaseStorage in Frameworks */,
				ED0946B128F319E000EC07CD /* FirebaseAuth in Frameworks */,
				ED0946B328F319E000EC07CD /* FirebaseFirestore in Frameworks */,
			);
			runOnlyForDeploymentPostprocessing = 0;
		};
/* End PBXFrameworksBuildPhase section */

/* Begin PBXGroup section */
		ED49016B28F3026C000F04F7 = {
			isa = PBXGroup;
			children = (
				ED49017628F3026C000F04F7 /* Instagram Clone Firebase */,
				ED49017528F3026C000F04F7 /* Products */,
			);
			sourceTree = "<group>";
		};
		ED49017528F3026C000F04F7 /* Products */ = {
			isa = PBXGroup;
			children = (
				ED49017428F3026C000F04F7 /* Instagram Clone Firebase.app */,
			);
			name = Products;
			sourceTree = "<group>";
		};
		ED49017628F3026C000F04F7 /* Instagram Clone Firebase */ = {
			isa = PBXGroup;
			children = (
				ED49017728F3026C000F04F7 /* AppDelegate.swift */,
				ED49017928F3026C000F04F7 /* SceneDelegate.swift */,
				ED49017B28F3026C000F04F7 /* ViewController.swift */,
				ED0946B828F35A4D00EC07CD /* MainScreenViewController.swift */,
				ED0946BA28F35A5B00EC07CD /* UploadViewController.swift */,
				ED0946B628F35A4000EC07CD /* SettingsViewController.swift */,
				EDB9719028F450F400ED6D3F /* DashboardCell.swift */,
				ED49017D28F3026C000F04F7 /* Main.storyboard */,
				ED49018028F3026D000F04F7 /* Assets.xcassets */,
				ED49018228F3026D000F04F7 /* LaunchScreen.storyboard */,
				ED49018528F3026D000F04F7 /* Info.plist */,
				ED49018B28F304CB000F04F7 /* GoogleService-Info.plist */,
			);
			path = "Instagram Clone Firebase";
			sourceTree = "<group>";
		};
/* End PBXGroup section */

/* Begin PBXNativeTarget section */
		ED49017328F3026C000F04F7 /* Instagram Clone Firebase */ = {
			isa = PBXNativeTarget;
			buildConfigurationList = ED49018828F3026D000F04F7 /* Build configuration list for PBXNativeTarget "Instagram Clone Firebase" */;
			buildPhases = (
				ED49017028F3026C000F04F7 /* Sources */,
				ED49017128F3026C000F04F7 /* Frameworks */,
				ED49017228F3026C000F04F7 /* Resources */,
			);
			buildRules = (
			);
			dependencies = (
			);
			name = "Instagram Clone Firebase";
			packageProductDependencies = (
				ED0946AE28F319E000EC07CD /* FirebaseAnalytics */,
				ED0946B028F319E000EC07CD /* FirebaseAuth */,
				ED0946B228F319E000EC07CD /* FirebaseFirestore */,
				ED0946B428F319E000EC07CD /* FirebaseStorage */,
				EDB9719328F46D9C00ED6D3F /* SDWebImageLinkPlugin */,
				EDB9719628F46FCA00ED6D3F /* SDWebImageSwiftUI */,
				EDB9719928F4755400ED6D3F /* SDWebImageLinkPlugin */,
				EDB9719C28F47AF500ED6D3F /* AlamofireImage */,
				ED74949428F58677004F08C7 /* SDWebImageLinkPlugin */,
			);
			productName = "Instagram Clone Firebase";
			productReference = ED49017428F3026C000F04F7 /* Instagram Clone Firebase.app */;
			productType = "com.apple.product-type.application";
		};
/* End PBXNativeTarget section */

/* Begin PBXProject section */
		ED49016C28F3026C000F04F7 /* Project object */ = {
			isa = PBXProject;
			attributes = {
				BuildIndependentTargetsInParallel = 1;
				LastSwiftUpdateCheck = 1340;
				LastUpgradeCheck = 1340;
				TargetAttributes = {
					ED49017328F3026C000F04F7 = {
						CreatedOnToolsVersion = 13.4.1;
					};
				};
			};
			buildConfigurationList = ED49016F28F3026C000F04F7 /* Build configuration list for PBXProject "Instagram Clone Firebase" */;
			compatibilityVersion = "Xcode 13.0";
			developmentRegion = en;
			hasScannedForEncodings = 0;
			knownRegions = (
				en,
				Base,
			);
			mainGroup = ED49016B28F3026C000F04F7;
			packageReferences = (
				ED0946AD28F319E000EC07CD /* XCRemoteSwiftPackageReference "firebase-ios-sdk" */,
				EDB9719228F46D9C00ED6D3F /* XCRemoteSwiftPackageReference "SDWebImageLinkPlugin" */,
				EDB9719528F46FCA00ED6D3F /* XCRemoteSwiftPackageReference "SDWebImageSwiftUI" */,
				EDB9719828F4755400ED6D3F /* XCRemoteSwiftPackageReference "SDWebImageLinkPlugin" */,
				EDB9719B28F47AF500ED6D3F /* XCRemoteSwiftPackageReference "AlamofireImage" */,
				ED74949328F58677004F08C7 /* XCRemoteSwiftPackageReference "SDWebImageLinkPlugin" */,
			);
			productRefGroup = ED49017528F3026C000F04F7 /* Products */;
			projectDirPath = "";
			projectRoot = "";
			targets = (
				ED49017328F3026C000F04F7 /* Instagram Clone Firebase */,
			);
		};
/* End PBXProject section */

/* Begin PBXResourcesBuildPhase section */
		ED49017228F3026C000F04F7 /* Resources */ = {
			isa = PBXResourcesBuildPhase;
			buildActionMask = 2147483647;
			files = (
				ED49018428F3026D000F04F7 /* LaunchScreen.storyboard in Resources */,
				ED49018C28F304CB000F04F7 /* GoogleService-Info.plist in Resources */,
				ED49018128F3026D000F04F7 /* Assets.xcassets in Resources */,
				ED49017F28F3026C000F04F7 /* Main.storyboard in Resources */,
			);
			runOnlyForDeploymentPostprocessing = 0;
		};
/* End PBXResourcesBuildPhase section */

/* Begin PBXSourcesBuildPhase section */
		ED49017028F3026C000F04F7 /* Sources */ = {
			isa = PBXSourcesBuildPhase;
			buildActionMask = 2147483647;
			files = (
				EDB9719128F450F400ED6D3F /* DashboardCell.swift in Sources */,
				ED0946B928F35A4D00EC07CD /* MainScreenViewController.swift in Sources */,
				ED0946BB28F35A5B00EC07CD /* UploadViewController.swift in Sources */,
				ED49017C28F3026C000F04F7 /* ViewController.swift in Sources */,
				ED49017828F3026C000F04F7 /* AppDelegate.swift in Sources */,
				ED49017A28F3026C000F04F7 /* SceneDelegate.swift in Sources */,
				ED0946B728F35A4000EC07CD /* SettingsViewController.swift in Sources */,
			);
			runOnlyForDeploymentPostprocessing = 0;
		};
/* End PBXSourcesBuildPhase section */

/* Begin PBXVariantGroup section */
		ED49017D28F3026C000F04F7 /* Main.storyboard */ = {
			isa = PBXVariantGroup;
			children = (
				ED49017E28F3026C000F04F7 /* Base */,
			);
			name = Main.storyboard;
			sourceTree = "<group>";
		};
		ED49018228F3026D000F04F7 /* LaunchScreen.storyboard */ = {
			isa = PBXVariantGroup;
			children = (
				ED49018328F3026D000F04F7 /* Base */,
			);
			name = LaunchScreen.storyboard;
			sourceTree = "<group>";
		};
/* End PBXVariantGroup section */

/* Begin XCBuildConfiguration section */
		ED49018628F3026D000F04F7 /* Debug */ = {
			isa = XCBuildConfiguration;
			buildSettings = {
				ALWAYS_SEARCH_USER_PATHS = NO;
				CLANG_ANALYZER_NONNULL = YES;
				CLANG_ANALYZER_NUMBER_OBJECT_CONVERSION = YES_AGGRESSIVE;
				CLANG_CXX_LANGUAGE_STANDARD = "gnu++17";
				CLANG_ENABLE_MODULES = YES;
				CLANG_ENABLE_OBJC_ARC = YES;
				CLANG_ENABLE_OBJC_WEAK = YES;
				CLANG_WARN_BLOCK_CAPTURE_AUTORELEASING = YES;
				CLANG_WARN_BOOL_CONVERSION = YES;
				CLANG_WARN_COMMA = YES;
				CLANG_WARN_CONSTANT_CONVERSION = YES;
				CLANG_WARN_DEPRECATED_OBJC_IMPLEMENTATIONS = YES;
				CLANG_WARN_DIRECT_OBJC_ISA_USAGE = YES_ERROR;
				CLANG_WARN_DOCUMENTATION_COMMENTS = YES;
				CLANG_WARN_EMPTY_BODY = YES;
				CLANG_WARN_ENUM_CONVERSION = YES;
				CLANG_WARN_INFINITE_RECURSION = YES;
				CLANG_WARN_INT_CONVERSION = YES;
				CLANG_WARN_NON_LITERAL_NULL_CONVERSION = YES;
				CLANG_WARN_OBJC_IMPLICIT_RETAIN_SELF = YES;
				CLANG_WARN_OBJC_LITERAL_CONVERSION = YES;
				CLANG_WARN_OBJC_ROOT_CLASS = YES_ERROR;
				CLANG_WARN_QUOTED_INCLUDE_IN_FRAMEWORK_HEADER = YES;
				CLANG_WARN_RANGE_LOOP_ANALYSIS = YES;
				CLANG_WARN_STRICT_PROTOTYPES = YES;
				CLANG_WARN_SUSPICIOUS_MOVE = YES;
				CLANG_WARN_UNGUARDED_AVAILABILITY = YES_AGGRESSIVE;
				CLANG_WARN_UNREACHABLE_CODE = YES;
				CLANG_WARN__DUPLICATE_METHOD_MATCH = YES;
				COPY_PHASE_STRIP = NO;
				DEBUG_INFORMATION_FORMAT = dwarf;
				ENABLE_STRICT_OBJC_MSGSEND = YES;
				ENABLE_TESTABILITY = YES;
				GCC_C_LANGUAGE_STANDARD = gnu11;
				GCC_DYNAMIC_NO_PIC = NO;
				GCC_NO_COMMON_BLOCKS = YES;
				GCC_OPTIMIZATION_LEVEL = 0;
				GCC_PREPROCESSOR_DEFINITIONS = (
					"DEBUG=1",
					"$(inherited)",
				);
				GCC_WARN_64_TO_32_BIT_CONVERSION = YES;
				GCC_WARN_ABOUT_RETURN_TYPE = YES_ERROR;
				GCC_WARN_UNDECLARED_SELECTOR = YES;
				GCC_WARN_UNINITIALIZED_AUTOS = YES_AGGRESSIVE;
				GCC_WARN_UNUSED_FUNCTION = YES;
				GCC_WARN_UNUSED_VARIABLE = YES;
				IPHONEOS_DEPLOYMENT_TARGET = 15.5;
				MTL_ENABLE_DEBUG_INFO = INCLUDE_SOURCE;
				MTL_FAST_MATH = YES;
				ONLY_ACTIVE_ARCH = YES;
				SDKROOT = iphoneos;
				SWIFT_ACTIVE_COMPILATION_CONDITIONS = DEBUG;
				SWIFT_OPTIMIZATION_LEVEL = "-Onone";
			};
			name = Debug;
		};
		ED49018728F3026D000F04F7 /* Release */ = {
			isa = XCBuildConfiguration;
			buildSettings = {
				ALWAYS_SEARCH_USER_PATHS = NO;
				CLANG_ANALYZER_NONNULL = YES;
				CLANG_ANALYZER_NUMBER_OBJECT_CONVERSION = YES_AGGRESSIVE;
				CLANG_CXX_LANGUAGE_STANDARD = "gnu++17";
				CLANG_ENABLE_MODULES = YES;
				CLANG_ENABLE_OBJC_ARC = YES;
				CLANG_ENABLE_OBJC_WEAK = YES;
				CLANG_WARN_BLOCK_CAPTURE_AUTORELEASING = YES;
				CLANG_WARN_BOOL_CONVERSION = YES;
				CLANG_WARN_COMMA = YES;
				CLANG_WARN_CONSTANT_CONVERSION = YES;
				CLANG_WARN_DEPRECATED_OBJC_IMPLEMENTATIONS = YES;
				CLANG_WARN_DIRECT_OBJC_ISA_USAGE = YES_ERROR;
				CLANG_WARN_DOCUMENTATION_COMMENTS = YES;
				CLANG_WARN_EMPTY_BODY = YES;
				CLANG_WARN_ENUM_CONVERSION = YES;
				CLANG_WARN_INFINITE_RECURSION = YES;
				CLANG_WARN_INT_CONVERSION = YES;
				CLANG_WARN_NON_LITERAL_NULL_CONVERSION = YES;
				CLANG_WARN_OBJC_IMPLICIT_RETAIN_SELF = YES;
				CLANG_WARN_OBJC_LITERAL_CONVERSION = YES;
				CLANG_WARN_OBJC_ROOT_CLASS = YES_ERROR;
				CLANG_WARN_QUOTED_INCLUDE_IN_FRAMEWORK_HEADER = YES;
				CLANG_WARN_RANGE_LOOP_ANALYSIS = YES;
				CLANG_WARN_STRICT_PROTOTYPES = YES;
				CLANG_WARN_SUSPICIOUS_MOVE = YES;
				CLANG_WARN_UNGUARDED_AVAILABILITY = YES_AGGRESSIVE;
				CLANG_WARN_UNREACHABLE_CODE = YES;
				CLANG_WARN__DUPLICATE_METHOD_MATCH = YES;
				COPY_PHASE_STRIP = NO;
				DEBUG_INFORMATION_FORMAT = "dwarf-with-dsym";
				ENABLE_NS_ASSERTIONS = NO;
				ENABLE_STRICT_OBJC_MSGSEND = YES;
				GCC_C_LANGUAGE_STANDARD = gnu11;
				GCC_NO_COMMON_BLOCKS = YES;
				GCC_WARN_64_TO_32_BIT_CONVERSION = YES;
				GCC_WARN_ABOUT_RETURN_TYPE = YES_ERROR;
				GCC_WARN_UNDECLARED_SELECTOR = YES;
				GCC_WARN_UNINITIALIZED_AUTOS = YES_AGGRESSIVE;
				GCC_WARN_UNUSED_FUNCTION = YES;
				GCC_WARN_UNUSED_VARIABLE = YES;
				IPHONEOS_DEPLOYMENT_TARGET = 15.5;
				MTL_ENABLE_DEBUG_INFO = NO;
				MTL_FAST_MATH = YES;
				SDKROOT = iphoneos;
				SWIFT_COMPILATION_MODE = wholemodule;
				SWIFT_OPTIMIZATION_LEVEL = "-O";
				VALIDATE_PRODUCT = YES;
			};
			name = Release;
		};
		ED49018928F3026D000F04F7 /* Debug */ = {
			isa = XCBuildConfiguration;
			buildSettings = {
				ASSETCATALOG_COMPILER_APPICON_NAME = AppIcon;
				ASSETCATALOG_COMPILER_GLOBAL_ACCENT_COLOR_NAME = AccentColor;
				CODE_SIGN_STYLE = Automatic;
				CURRENT_PROJECT_VERSION = 1;
				GENERATE_INFOPLIST_FILE = YES;
				INFOPLIST_FILE = "Instagram Clone Firebase/Info.plist";
				INFOPLIST_KEY_UIApplicationSupportsIndirectInputEvents = YES;
				INFOPLIST_KEY_UILaunchStoryboardName = LaunchScreen;
				INFOPLIST_KEY_UIMainStoryboardFile = Main;
				INFOPLIST_KEY_UISupportedInterfaceOrientations_iPad = "UIInterfaceOrientationPortrait UIInterfaceOrientationPortraitUpsideDown UIInterfaceOrientationLandscapeLeft UIInterfaceOrientationLandscapeRight";
				INFOPLIST_KEY_UISupportedInterfaceOrientations_iPhone = "UIInterfaceOrientationPortrait UIInterfaceOrientationLandscapeLeft UIInterfaceOrientationLandscapeRight";
				LD_RUNPATH_SEARCH_PATHS = (
					"$(inherited)",
					"@executable_path/Frameworks",
				);
				MARKETING_VERSION = 1.0;
				PRODUCT_BUNDLE_IDENTIFIER = "com.msnbek.Instagram-Clone-Firebase";
				PRODUCT_NAME = "$(TARGET_NAME)";
				SWIFT_EMIT_LOC_STRINGS = YES;
				SWIFT_VERSION = 5.0;
				TARGETED_DEVICE_FAMILY = "1,2";
			};
			name = Debug;
		};
		ED49018A28F3026D000F04F7 /* Release */ = {
			isa = XCBuildConfiguration;
			buildSettings = {
				ASSETCATALOG_COMPILER_APPICON_NAME = AppIcon;
				ASSETCATALOG_COMPILER_GLOBAL_ACCENT_COLOR_NAME = AccentColor;
				CODE_SIGN_STYLE = Automatic;
				CURRENT_PROJECT_VERSION = 1;
				GENERATE_INFOPLIST_FILE = YES;
				INFOPLIST_FILE = "Instagram Clone Firebase/Info.plist";
				INFOPLIST_KEY_UIApplicationSupportsIndirectInputEvents = YES;
				INFOPLIST_KEY_UILaunchStoryboardName = LaunchScreen;
				INFOPLIST_KEY_UIMainStoryboardFile = Main;
				INFOPLIST_KEY_UISupportedInterfaceOrientations_iPad = "UIInterfaceOrientationPortrait UIInterfaceOrientationPortraitUpsideDown UIInterfaceOrientationLandscapeLeft UIInterfaceOrientationLandscapeRight";
				INFOPLIST_KEY_UISupportedInterfaceOrientations_iPhone = "UIInterfaceOrientationPortrait UIInterfaceOrientationLandscapeLeft UIInterfaceOrientationLandscapeRight";
				LD_RUNPATH_SEARCH_PATHS = (
					"$(inherited)",
					"@executable_path/Frameworks",
				);
				MARKETING_VERSION = 1.0;
				PRODUCT_BUNDLE_IDENTIFIER = "com.msnbek.Instagram-Clone-Firebase";
				PRODUCT_NAME = "$(TARGET_NAME)";
				SWIFT_EMIT_LOC_STRINGS = YES;
				SWIFT_VERSION = 5.0;
				TARGETED_DEVICE_FAMILY = "1,2";
			};
			name = Release;
		};
/* End XCBuildConfiguration section */

/* Begin XCConfigurationList section */
		ED49016F28F3026C000F04F7 /* Build configuration list for PBXProject "Instagram Clone Firebase" */ = {
			isa = XCConfigurationList;
			buildConfigurations = (
				ED49018628F3026D000F04F7 /* Debug */,
				ED49018728F3026D000F04F7 /* Release */,
			);
			defaultConfigurationIsVisible = 0;
			defaultConfigurationName = Release;
		};
		ED49018828F3026D000F04F7 /* Build configuration list for PBXNativeTarget "Instagram Clone Firebase" */ = {
			isa = XCConfigurationList;
			buildConfigurations = (
				ED49018928F3026D000F04F7 /* Debug */,
				ED49018A28F3026D000F04F7 /* Release */,
			);
			defaultConfigurationIsVisible = 0;
			defaultConfigurationName = Release;
		};
/* End XCConfigurationList section */

/* Begin XCRemoteSwiftPackageReference section */
		ED0946AD28F319E000EC07CD /* XCRemoteSwiftPackageReference "firebase-ios-sdk" */ = {
			isa = XCRemoteSwiftPackageReference;
			repositoryURL = "https://github.com/firebase/firebase-ios-sdk";
			requirement = {
				kind = upToNextMajorVersion;
				minimumVersion = 9.0.0;
			};
		};
		ED74949328F58677004F08C7 /* XCRemoteSwiftPackageReference "SDWebImageLinkPlugin" */ = {
			isa = XCRemoteSwiftPackageReference;
			repositoryURL = "https://github.com/SDWebImage/SDWebImageLinkPlugin.git";
			requirement = {
				kind = versionRange;
				maximumVersion = 6.0.0;
				minimumVersion = 5.1.0;
			};
		};
		EDB9719228F46D9C00ED6D3F /* XCRemoteSwiftPackageReference "SDWebImageLinkPlugin" */ = {
			isa = XCRemoteSwiftPackageReference;
			repositoryURL = "https://github.com/SDWebImage/SDWebImageLinkPlugin.git";
			requirement = {
				kind = upToNextMajorVersion;
				minimumVersion = 0.3.0;
			};
		};
		EDB9719528F46FCA00ED6D3F /* XCRemoteSwiftPackageReference "SDWebImageSwiftUI" */ = {
			isa = XCRemoteSwiftPackageReference;
			repositoryURL = "https://github.com/SDWebImage/SDWebImageSwiftUI";
			requirement = {
				kind = upToNextMajorVersion;
				minimumVersion = 2.0.0;
			};
		};
		EDB9719828F4755400ED6D3F /* XCRemoteSwiftPackageReference "SDWebImageLinkPlugin" */ = {
			isa = XCRemoteSwiftPackageReference;
			repositoryURL = "https://github.com/SDWebImage/SDWebImageLinkPlugin.git";
			requirement = {
				branch = master;
				kind = branch;
			};
		};
		EDB9719B28F47AF500ED6D3F /* XCRemoteSwiftPackageReference "AlamofireImage" */ = {
			isa = XCRemoteSwiftPackageReference;
			repositoryURL = "https://github.com/Alamofire/AlamofireImage.git";
			requirement = {
				kind = upToNextMajorVersion;
				minimumVersion = 4.0.0;
			};
		};
/* End XCRemoteSwiftPackageReference section */

/* Begin XCSwiftPackageProductDependency section */
		ED0946AE28F319E000EC07CD /* FirebaseAnalytics */ = {
			isa = XCSwiftPackageProductDependency;
			package = ED0946AD28F319E000EC07CD /* XCRemoteSwiftPackageReference "firebase-ios-sdk" */;
			productName = FirebaseAnalytics;
		};
		ED0946B028F319E000EC07CD /* FirebaseAuth */ = {
			isa = XCSwiftPackageProductDependency;
			package = ED0946AD28F319E000EC07CD /* XCRemoteSwiftPackageReference "firebase-ios-sdk" */;
			productName = FirebaseAuth;
		};
		ED0946B228F319E000EC07CD /* FirebaseFirestore */ = {
			isa = XCSwiftPackageProductDependency;
			package = ED0946AD28F319E000EC07CD /* XCRemoteSwiftPackageReference "firebase-ios-sdk" */;
			productName = FirebaseFirestore;
		};
		ED0946B428F319E000EC07CD /* FirebaseStorage */ = {
			isa = XCSwiftPackageProductDependency;
			package = ED0946AD28F319E000EC07CD /* XCRemoteSwiftPackageReference "firebase-ios-sdk" */;
			productName = FirebaseStorage;
		};
		ED74949428F58677004F08C7 /* SDWebImageLinkPlugin */ = {
			isa = XCSwiftPackageProductDependency;
			package = ED74949328F58677004F08C7 /* XCRemoteSwiftPackageReference "SDWebImageLinkPlugin" */;
			productName = SDWebImageLinkPlugin;
		};
		EDB9719328F46D9C00ED6D3F /* SDWebImageLinkPlugin */ = {
			isa = XCSwiftPackageProductDependency;
			package = EDB9719228F46D9C00ED6D3F /* XCRemoteSwiftPackageReference "SDWebImageLinkPlugin" */;
			productName = SDWebImageLinkPlugin;
		};
		EDB9719628F46FCA00ED6D3F /* SDWebImageSwiftUI */ = {
			isa = XCSwiftPackageProductDependency;
			package = EDB9719528F46FCA00ED6D3F /* XCRemoteSwiftPackageReference "SDWebImageSwiftUI" */;
			productName = SDWebImageSwiftUI;
		};
		EDB9719928F4755400ED6D3F /* SDWebImageLinkPlugin */ = {
			isa = XCSwiftPackageProductDependency;
			package = EDB9719828F4755400ED6D3F /* XCRemoteSwiftPackageReference "SDWebImageLinkPlugin" */;
			productName = SDWebImageLinkPlugin;
		};
		EDB9719C28F47AF500ED6D3F /* AlamofireImage */ = {
			isa = XCSwiftPackageProductDependency;
			package = EDB9719B28F47AF500ED6D3F /* XCRemoteSwiftPackageReference "AlamofireImage" */;
			productName = AlamofireImage;
		};
/* End XCSwiftPackageProductDependency section */
	};
	rootObject = ED49016C28F3026C000F04F7 /* Project object */;
}
